// !$*UTF8*$!
{
	archiveVersion = 1;
	classes = {
	};
	objectVersion = 55;
	objects = {

/* Begin PBXBuildFile section */
		FC22AD5227C7D71B00EE8F0D /* AppDelegate.swift in Sources */ = {isa = PBXBuildFile; fileRef = FC22AD5127C7D71B00EE8F0D /* AppDelegate.swift */; };
		FC22AD5427C7D71B00EE8F0D /* SceneDelegate.swift in Sources */ = {isa = PBXBuildFile; fileRef = FC22AD5327C7D71B00EE8F0D /* SceneDelegate.swift */; };
		FC22AD5627C7D71B00EE8F0D /* ViewController.swift in Sources */ = {isa = PBXBuildFile; fileRef = FC22AD5527C7D71B00EE8F0D /* ViewController.swift */; };
		FC22AD5927C7D71B00EE8F0D /* Main.storyboard in Resources */ = {isa = PBXBuildFile; fileRef = FC22AD5727C7D71B00EE8F0D /* Main.storyboard */; };
		FC22AD5E27C7D71D00EE8F0D /* LaunchScreen.storyboard in Resources */ = {isa = PBXBuildFile; fileRef = FC22AD5C27C7D71D00EE8F0D /* LaunchScreen.storyboard */; };
		FC22AD6927C7D71D00EE8F0D /* KPPTests.swift in Sources */ = {isa = PBXBuildFile; fileRef = FC22AD6827C7D71D00EE8F0D /* KPPTests.swift */; };
		FC22AD7327C7D71D00EE8F0D /* KPPUITests.swift in Sources */ = {isa = PBXBuildFile; fileRef = FC22AD7227C7D71D00EE8F0D /* KPPUITests.swift */; };
		FC22AD7527C7D71D00EE8F0D /* KPPUITestsLaunchTests.swift in Sources */ = {isa = PBXBuildFile; fileRef = FC22AD7427C7D71D00EE8F0D /* KPPUITestsLaunchTests.swift */; };
		FC22AD8627C7DEAE00EE8F0D /* HomeVC.swift in Sources */ = {isa = PBXBuildFile; fileRef = FC22AD8527C7DEAE00EE8F0D /* HomeVC.swift */; };
		FC22AD8927C7E61200EE8F0D /* ContainerVC.swift in Sources */ = {isa = PBXBuildFile; fileRef = FC22AD8827C7E61200EE8F0D /* ContainerVC.swift */; };
		FC22AD8C27C7E70500EE8F0D /* MenuVC.swift in Sources */ = {isa = PBXBuildFile; fileRef = FC22AD8B27C7E70500EE8F0D /* MenuVC.swift */; };
		FC22AD8F27C7F98200EE8F0D /* InfoVC.swift in Sources */ = {isa = PBXBuildFile; fileRef = FC22AD8E27C7F98200EE8F0D /* InfoVC.swift */; };
		FC22AD9227C8B98F00EE8F0D /* WorkshopVC.swift in Sources */ = {isa = PBXBuildFile; fileRef = FC22AD9127C8B98F00EE8F0D /* WorkshopVC.swift */; };
		FC22AD9527C8BD8600EE8F0D /* GentelmenVC.swift in Sources */ = {isa = PBXBuildFile; fileRef = FC22AD9427C8BD8600EE8F0D /* GentelmenVC.swift */; };
		FC22AD9827C8BE5700EE8F0D /* ChestAvtoVC.swift in Sources */ = {isa = PBXBuildFile; fileRef = FC22AD9727C8BE5700EE8F0D /* ChestAvtoVC.swift */; };
		FC22ADAB27D90A2B00EE8F0D /* ofont.ru_Marutya.ttf in Resources */ = {isa = PBXBuildFile; fileRef = FC22ADAA27D90A2B00EE8F0D /* ofont.ru_Marutya.ttf */; };
		FC22ADAC27D90A2B00EE8F0D /* ofont.ru_Marutya.ttf in Resources */ = {isa = PBXBuildFile; fileRef = FC22ADAA27D90A2B00EE8F0D /* ofont.ru_Marutya.ttf */; };
		FC22ADAD27D90A2B00EE8F0D /* ofont.ru_Marutya.ttf in Resources */ = {isa = PBXBuildFile; fileRef = FC22ADAA27D90A2B00EE8F0D /* ofont.ru_Marutya.ttf */; };
		FC22ADB227D912F700EE8F0D /* HomeTableLayout.swift in Sources */ = {isa = PBXBuildFile; fileRef = FC22ADB127D912F700EE8F0D /* HomeTableLayout.swift */; };
		FC22ADB327D912F700EE8F0D /* HomeTableLayout.swift in Sources */ = {isa = PBXBuildFile; fileRef = FC22ADB127D912F700EE8F0D /* HomeTableLayout.swift */; };
		FC22ADB427D912F700EE8F0D /* HomeTableLayout.swift in Sources */ = {isa = PBXBuildFile; fileRef = FC22ADB127D912F700EE8F0D /* HomeTableLayout.swift */; };
		FC22ADB727D9142E00EE8F0D /* HumanCell.swift in Sources */ = {isa = PBXBuildFile; fileRef = FC22ADB627D9142E00EE8F0D /* HumanCell.swift */; };
		FC22ADB827D9142E00EE8F0D /* HumanCell.swift in Sources */ = {isa = PBXBuildFile; fileRef = FC22ADB627D9142E00EE8F0D /* HumanCell.swift */; };
		FC22ADB927D9142E00EE8F0D /* HumanCell.swift in Sources */ = {isa = PBXBuildFile; fileRef = FC22ADB627D9142E00EE8F0D /* HumanCell.swift */; };
		FC22ADBB27D9160C00EE8F0D /* Human.swift in Sources */ = {isa = PBXBuildFile; fileRef = FC22ADBA27D9160C00EE8F0D /* Human.swift */; };
		FC22ADBC27D9160C00EE8F0D /* Human.swift in Sources */ = {isa = PBXBuildFile; fileRef = FC22ADBA27D9160C00EE8F0D /* Human.swift */; };
		FC22ADBD27D9160C00EE8F0D /* Human.swift in Sources */ = {isa = PBXBuildFile; fileRef = FC22ADBA27D9160C00EE8F0D /* Human.swift */; };
		FC22ADBF27D916FE00EE8F0D /* HumanManager.swift in Sources */ = {isa = PBXBuildFile; fileRef = FC22ADBE27D916FE00EE8F0D /* HumanManager.swift */; };
		FC22ADC027D916FE00EE8F0D /* HumanManager.swift in Sources */ = {isa = PBXBuildFile; fileRef = FC22ADBE27D916FE00EE8F0D /* HumanManager.swift */; };
		FC22ADC127D916FE00EE8F0D /* HumanManager.swift in Sources */ = {isa = PBXBuildFile; fileRef = FC22ADBE27D916FE00EE8F0D /* HumanManager.swift */; };
		FC22ADC327D91A1D00EE8F0D /* HumanModel.swift in Sources */ = {isa = PBXBuildFile; fileRef = FC22ADC227D91A1D00EE8F0D /* HumanModel.swift */; };
		FC22ADC427D91A1D00EE8F0D /* HumanModel.swift in Sources */ = {isa = PBXBuildFile; fileRef = FC22ADC227D91A1D00EE8F0D /* HumanModel.swift */; };
		FC22ADC527D91A1D00EE8F0D /* HumanModel.swift in Sources */ = {isa = PBXBuildFile; fileRef = FC22ADC227D91A1D00EE8F0D /* HumanModel.swift */; };
		FC22ADC827D9FF5000EE8F0D /* PhotoCell.swift in Sources */ = {isa = PBXBuildFile; fileRef = FC22ADC727D9FF5000EE8F0D /* PhotoCell.swift */; };
		FC22ADC927D9FF5100EE8F0D /* PhotoCell.swift in Sources */ = {isa = PBXBuildFile; fileRef = FC22ADC727D9FF5000EE8F0D /* PhotoCell.swift */; };
		FC22ADCA27D9FF5100EE8F0D /* PhotoCell.swift in Sources */ = {isa = PBXBuildFile; fileRef = FC22ADC727D9FF5000EE8F0D /* PhotoCell.swift */; };
		FC22ADCD27DA123300EE8F0D /* CustomNav.swift in Sources */ = {isa = PBXBuildFile; fileRef = FC22ADCC27DA123300EE8F0D /* CustomNav.swift */; };
		FC22ADCE27DA123300EE8F0D /* CustomNav.swift in Sources */ = {isa = PBXBuildFile; fileRef = FC22ADCC27DA123300EE8F0D /* CustomNav.swift */; };
		FC22ADCF27DA123300EE8F0D /* CustomNav.swift in Sources */ = {isa = PBXBuildFile; fileRef = FC22ADCC27DA123300EE8F0D /* CustomNav.swift */; };
		FC22ADD227DA552800EE8F0D /* Photo.swift in Sources */ = {isa = PBXBuildFile; fileRef = FC22ADD127DA552800EE8F0D /* Photo.swift */; };
		FC22ADD327DA552800EE8F0D /* Photo.swift in Sources */ = {isa = PBXBuildFile; fileRef = FC22ADD127DA552800EE8F0D /* Photo.swift */; };
		FC22ADD427DA552800EE8F0D /* Photo.swift in Sources */ = {isa = PBXBuildFile; fileRef = FC22ADD127DA552800EE8F0D /* Photo.swift */; };
		FC22ADD627DA55CF00EE8F0D /* PhotoManager.swift in Sources */ = {isa = PBXBuildFile; fileRef = FC22ADD527DA55CF00EE8F0D /* PhotoManager.swift */; };
		FC22ADD727DA55CF00EE8F0D /* PhotoManager.swift in Sources */ = {isa = PBXBuildFile; fileRef = FC22ADD527DA55CF00EE8F0D /* PhotoManager.swift */; };
		FC22ADD827DA55CF00EE8F0D /* PhotoManager.swift in Sources */ = {isa = PBXBuildFile; fileRef = FC22ADD527DA55CF00EE8F0D /* PhotoManager.swift */; };
		FC22ADDA27DA565000EE8F0D /* PhotoModel.swift in Sources */ = {isa = PBXBuildFile; fileRef = FC22ADD927DA565000EE8F0D /* PhotoModel.swift */; };
		FC22ADDB27DA565000EE8F0D /* PhotoModel.swift in Sources */ = {isa = PBXBuildFile; fileRef = FC22ADD927DA565000EE8F0D /* PhotoModel.swift */; };
		FC22ADDC27DA565000EE8F0D /* PhotoModel.swift in Sources */ = {isa = PBXBuildFile; fileRef = FC22ADD927DA565000EE8F0D /* PhotoModel.swift */; };
		FC22ADDE27DA5AF400EE8F0D /* PhotoTableLayout.swift in Sources */ = {isa = PBXBuildFile; fileRef = FC22ADDD27DA5AF400EE8F0D /* PhotoTableLayout.swift */; };
		FC22ADDF27DA5AF400EE8F0D /* PhotoTableLayout.swift in Sources */ = {isa = PBXBuildFile; fileRef = FC22ADDD27DA5AF400EE8F0D /* PhotoTableLayout.swift */; };
		FC22ADE027DA5AF400EE8F0D /* PhotoTableLayout.swift in Sources */ = {isa = PBXBuildFile; fileRef = FC22ADDD27DA5AF400EE8F0D /* PhotoTableLayout.swift */; };
		FC22ADE327DA602400EE8F0D /* BuyVC.swift in Sources */ = {isa = PBXBuildFile; fileRef = FC22ADE227DA602400EE8F0D /* BuyVC.swift */; };
		FC22ADE427DA602400EE8F0D /* BuyVC.swift in Sources */ = {isa = PBXBuildFile; fileRef = FC22ADE227DA602400EE8F0D /* BuyVC.swift */; };
		FC22ADE527DA602400EE8F0D /* BuyVC.swift in Sources */ = {isa = PBXBuildFile; fileRef = FC22ADE227DA602400EE8F0D /* BuyVC.swift */; };
		FC22ADE727DA6D0B00EE8F0D /* SellVC.swift in Sources */ = {isa = PBXBuildFile; fileRef = FC22ADE627DA6D0B00EE8F0D /* SellVC.swift */; };
		FC22ADE827DA6D0B00EE8F0D /* SellVC.swift in Sources */ = {isa = PBXBuildFile; fileRef = FC22ADE627DA6D0B00EE8F0D /* SellVC.swift */; };
		FC22ADE927DA6D0B00EE8F0D /* SellVC.swift in Sources */ = {isa = PBXBuildFile; fileRef = FC22ADE627DA6D0B00EE8F0D /* SellVC.swift */; };
		FC22ADEB27DA6D4000EE8F0D /* CommissionVC.swift in Sources */ = {isa = PBXBuildFile; fileRef = FC22ADEA27DA6D4000EE8F0D /* CommissionVC.swift */; };
		FC22ADEC27DA6D4000EE8F0D /* CommissionVC.swift in Sources */ = {isa = PBXBuildFile; fileRef = FC22ADEA27DA6D4000EE8F0D /* CommissionVC.swift */; };
		FC22ADED27DA6D4000EE8F0D /* CommissionVC.swift in Sources */ = {isa = PBXBuildFile; fileRef = FC22ADEA27DA6D4000EE8F0D /* CommissionVC.swift */; };
		FC22ADF027DA6E5C00EE8F0D /* GentlmenCell.swift in Sources */ = {isa = PBXBuildFile; fileRef = FC22ADEF27DA6E5C00EE8F0D /* GentlmenCell.swift */; };
		FC22ADF127DA6E5C00EE8F0D /* GentlmenCell.swift in Sources */ = {isa = PBXBuildFile; fileRef = FC22ADEF27DA6E5C00EE8F0D /* GentlmenCell.swift */; };
		FC22ADF227DA6E5C00EE8F0D /* GentlmenCell.swift in Sources */ = {isa = PBXBuildFile; fileRef = FC22ADEF27DA6E5C00EE8F0D /* GentlmenCell.swift */; };
		FC22ADF427DA6E7100EE8F0D /* Gentlmen.swift in Sources */ = {isa = PBXBuildFile; fileRef = FC22ADF327DA6E7100EE8F0D /* Gentlmen.swift */; };
		FC22ADF527DA6E7100EE8F0D /* Gentlmen.swift in Sources */ = {isa = PBXBuildFile; fileRef = FC22ADF327DA6E7100EE8F0D /* Gentlmen.swift */; };
		FC22ADF627DA6E7100EE8F0D /* Gentlmen.swift in Sources */ = {isa = PBXBuildFile; fileRef = FC22ADF327DA6E7100EE8F0D /* Gentlmen.swift */; };
		FC22ADF827DA6E7D00EE8F0D /* GentlmenManager.swift in Sources */ = {isa = PBXBuildFile; fileRef = FC22ADF727DA6E7D00EE8F0D /* GentlmenManager.swift */; };
		FC22ADF927DA6E7D00EE8F0D /* GentlmenManager.swift in Sources */ = {isa = PBXBuildFile; fileRef = FC22ADF727DA6E7D00EE8F0D /* GentlmenManager.swift */; };
		FC22ADFA27DA6E7D00EE8F0D /* GentlmenManager.swift in Sources */ = {isa = PBXBuildFile; fileRef = FC22ADF727DA6E7D00EE8F0D /* GentlmenManager.swift */; };
		FC22ADFC27DA6E8700EE8F0D /* GentlmenModel.swift in Sources */ = {isa = PBXBuildFile; fileRef = FC22ADFB27DA6E8700EE8F0D /* GentlmenModel.swift */; };
		FC22ADFD27DA6E8700EE8F0D /* GentlmenModel.swift in Sources */ = {isa = PBXBuildFile; fileRef = FC22ADFB27DA6E8700EE8F0D /* GentlmenModel.swift */; };
		FC22ADFE27DA6E8700EE8F0D /* GentlmenModel.swift in Sources */ = {isa = PBXBuildFile; fileRef = FC22ADFB27DA6E8700EE8F0D /* GentlmenModel.swift */; };
		FC22AE0127DA74B000EE8F0D /* Workshop.swift in Sources */ = {isa = PBXBuildFile; fileRef = FC22AE0027DA74B000EE8F0D /* Workshop.swift */; };
		FC22AE0227DA74B000EE8F0D /* Workshop.swift in Sources */ = {isa = PBXBuildFile; fileRef = FC22AE0027DA74B000EE8F0D /* Workshop.swift */; };
		FC22AE0327DA74B000EE8F0D /* Workshop.swift in Sources */ = {isa = PBXBuildFile; fileRef = FC22AE0027DA74B000EE8F0D /* Workshop.swift */; };
		FC22AE0527DA74BA00EE8F0D /* WorkshopCell.swift in Sources */ = {isa = PBXBuildFile; fileRef = FC22AE0427DA74BA00EE8F0D /* WorkshopCell.swift */; };
		FC22AE0627DA74BA00EE8F0D /* WorkshopCell.swift in Sources */ = {isa = PBXBuildFile; fileRef = FC22AE0427DA74BA00EE8F0D /* WorkshopCell.swift */; };
		FC22AE0727DA74BA00EE8F0D /* WorkshopCell.swift in Sources */ = {isa = PBXBuildFile; fileRef = FC22AE0427DA74BA00EE8F0D /* WorkshopCell.swift */; };
		FC22AE0927DA74C400EE8F0D /* WorkshopManager.swift in Sources */ = {isa = PBXBuildFile; fileRef = FC22AE0827DA74C400EE8F0D /* WorkshopManager.swift */; };
		FC22AE0A27DA74C400EE8F0D /* WorkshopManager.swift in Sources */ = {isa = PBXBuildFile; fileRef = FC22AE0827DA74C400EE8F0D /* WorkshopManager.swift */; };
		FC22AE0B27DA74C400EE8F0D /* WorkshopManager.swift in Sources */ = {isa = PBXBuildFile; fileRef = FC22AE0827DA74C400EE8F0D /* WorkshopManager.swift */; };
		FC22AE0D27DA74CE00EE8F0D /* WorkshopModel.swift in Sources */ = {isa = PBXBuildFile; fileRef = FC22AE0C27DA74CE00EE8F0D /* WorkshopModel.swift */; };
		FC22AE0E27DA74CE00EE8F0D /* WorkshopModel.swift in Sources */ = {isa = PBXBuildFile; fileRef = FC22AE0C27DA74CE00EE8F0D /* WorkshopModel.swift */; };
		FC22AE0F27DA74CE00EE8F0D /* WorkshopModel.swift in Sources */ = {isa = PBXBuildFile; fileRef = FC22AE0C27DA74CE00EE8F0D /* WorkshopModel.swift */; };
		FC22AE1227DA776B00EE8F0D /* ServiceVC.swift in Sources */ = {isa = PBXBuildFile; fileRef = FC22AE1127DA776B00EE8F0D /* ServiceVC.swift */; };
		FC22AE1327DA776B00EE8F0D /* ServiceVC.swift in Sources */ = {isa = PBXBuildFile; fileRef = FC22AE1127DA776B00EE8F0D /* ServiceVC.swift */; };
		FC22AE1427DA776B00EE8F0D /* ServiceVC.swift in Sources */ = {isa = PBXBuildFile; fileRef = FC22AE1127DA776B00EE8F0D /* ServiceVC.swift */; };
		FC22AE1627DA777B00EE8F0D /* DetailingVC.swift in Sources */ = {isa = PBXBuildFile; fileRef = FC22AE1527DA777B00EE8F0D /* DetailingVC.swift */; };
		FC22AE1727DA777B00EE8F0D /* DetailingVC.swift in Sources */ = {isa = PBXBuildFile; fileRef = FC22AE1527DA777B00EE8F0D /* DetailingVC.swift */; };
		FC22AE1827DA777B00EE8F0D /* DetailingVC.swift in Sources */ = {isa = PBXBuildFile; fileRef = FC22AE1527DA777B00EE8F0D /* DetailingVC.swift */; };
		FC22AE1A27DA78C800EE8F0D /* Assets.xcassets in Resources */ = {isa = PBXBuildFile; fileRef = FC22AE1927DA78C800EE8F0D /* Assets.xcassets */; };
		FC22AE1B27DA78C800EE8F0D /* Assets.xcassets in Resources */ = {isa = PBXBuildFile; fileRef = FC22AE1927DA78C800EE8F0D /* Assets.xcassets */; };
		FC22AE1C27DA78C800EE8F0D /* Assets.xcassets in Resources */ = {isa = PBXBuildFile; fileRef = FC22AE1927DA78C800EE8F0D /* Assets.xcassets */; };
		FC22AE1E27DB351D00EE8F0D /* CustomTextField.swift in Sources */ = {isa = PBXBuildFile; fileRef = FC22AE1D27DB351D00EE8F0D /* CustomTextField.swift */; };
		FC22AE1F27DB351D00EE8F0D /* CustomTextField.swift in Sources */ = {isa = PBXBuildFile; fileRef = FC22AE1D27DB351D00EE8F0D /* CustomTextField.swift */; };
		FC22AE2027DB351D00EE8F0D /* CustomTextField.swift in Sources */ = {isa = PBXBuildFile; fileRef = FC22AE1D27DB351D00EE8F0D /* CustomTextField.swift */; };
		FC22AE2227DB593F00EE8F0D /* CustomSegmentedControl.swift in Sources */ = {isa = PBXBuildFile; fileRef = FC22AE2127DB593F00EE8F0D /* CustomSegmentedControl.swift */; };
		FC22AE2327DB593F00EE8F0D /* CustomSegmentedControl.swift in Sources */ = {isa = PBXBuildFile; fileRef = FC22AE2127DB593F00EE8F0D /* CustomSegmentedControl.swift */; };
		FC22AE2427DB593F00EE8F0D /* CustomSegmentedControl.swift in Sources */ = {isa = PBXBuildFile; fileRef = FC22AE2127DB593F00EE8F0D /* CustomSegmentedControl.swift */; };
		FC22AE2727DB8EC900EE8F0D /* PhotoCarsCell.swift in Sources */ = {isa = PBXBuildFile; fileRef = FC22AE2627DB8EC900EE8F0D /* PhotoCarsCell.swift */; };
		FC22AE2827DB8EC900EE8F0D /* PhotoCarsCell.swift in Sources */ = {isa = PBXBuildFile; fileRef = FC22AE2627DB8EC900EE8F0D /* PhotoCarsCell.swift */; };
		FC22AE2927DB8EC900EE8F0D /* PhotoCarsCell.swift in Sources */ = {isa = PBXBuildFile; fileRef = FC22AE2627DB8EC900EE8F0D /* PhotoCarsCell.swift */; };
		FC22AE2C27E784AB00EE8F0D /* BuyCell.swift in Sources */ = {isa = PBXBuildFile; fileRef = FC22AE2B27E784AB00EE8F0D /* BuyCell.swift */; };
		FC22AE2D27E784AB00EE8F0D /* BuyCell.swift in Sources */ = {isa = PBXBuildFile; fileRef = FC22AE2B27E784AB00EE8F0D /* BuyCell.swift */; };
		FC22AE2E27E784AB00EE8F0D /* BuyCell.swift in Sources */ = {isa = PBXBuildFile; fileRef = FC22AE2B27E784AB00EE8F0D /* BuyCell.swift */; };
		FC22AE3027E7873900EE8F0D /* BuyManager.swift in Sources */ = {isa = PBXBuildFile; fileRef = FC22AE2F27E7873900EE8F0D /* BuyManager.swift */; };
		FC22AE3127E7873900EE8F0D /* BuyManager.swift in Sources */ = {isa = PBXBuildFile; fileRef = FC22AE2F27E7873900EE8F0D /* BuyManager.swift */; };
		FC22AE3227E7873900EE8F0D /* BuyManager.swift in Sources */ = {isa = PBXBuildFile; fileRef = FC22AE2F27E7873900EE8F0D /* BuyManager.swift */; };
		FC22AE3427E7874700EE8F0D /* BuyModel.swift in Sources */ = {isa = PBXBuildFile; fileRef = FC22AE3327E7874700EE8F0D /* BuyModel.swift */; };
		FC22AE3527E7874700EE8F0D /* BuyModel.swift in Sources */ = {isa = PBXBuildFile; fileRef = FC22AE3327E7874700EE8F0D /* BuyModel.swift */; };
		FC22AE3627E7874700EE8F0D /* BuyModel.swift in Sources */ = {isa = PBXBuildFile; fileRef = FC22AE3327E7874700EE8F0D /* BuyModel.swift */; };
		FC22AE3827E7880B00EE8F0D /* Cars.swift in Sources */ = {isa = PBXBuildFile; fileRef = FC22AE3727E7880B00EE8F0D /* Cars.swift */; };
		FC22AE3927E7880B00EE8F0D /* Cars.swift in Sources */ = {isa = PBXBuildFile; fileRef = FC22AE3727E7880B00EE8F0D /* Cars.swift */; };
		FC22AE3A27E7880B00EE8F0D /* Cars.swift in Sources */ = {isa = PBXBuildFile; fileRef = FC22AE3727E7880B00EE8F0D /* Cars.swift */; };
		FC22AE3C27E8960400EE8F0D /* CustomPicker.swift in Sources */ = {isa = PBXBuildFile; fileRef = FC22AE3B27E8960400EE8F0D /* CustomPicker.swift */; };
		FC22AE3D27E8960400EE8F0D /* CustomPicker.swift in Sources */ = {isa = PBXBuildFile; fileRef = FC22AE3B27E8960400EE8F0D /* CustomPicker.swift */; };
		FC22AE3E27E8960400EE8F0D /* CustomPicker.swift in Sources */ = {isa = PBXBuildFile; fileRef = FC22AE3B27E8960400EE8F0D /* CustomPicker.swift */; };
		FC42857D27EB52BB000A3B0E /* CarCardVC.swift in Sources */ = {isa = PBXBuildFile; fileRef = FC42857C27EB52BB000A3B0E /* CarCardVC.swift */; };
/* End PBXBuildFile section */

/* Begin PBXContainerItemProxy section */
		FC22AD6527C7D71D00EE8F0D /* PBXContainerItemProxy */ = {
			isa = PBXContainerItemProxy;
			containerPortal = FC22AD4627C7D71B00EE8F0D /* Project object */;
			proxyType = 1;
			remoteGlobalIDString = FC22AD4D27C7D71B00EE8F0D;
			remoteInfo = KPP;
		};
		FC22AD6F27C7D71D00EE8F0D /* PBXContainerItemProxy */ = {
			isa = PBXContainerItemProxy;
			containerPortal = FC22AD4627C7D71B00EE8F0D /* Project object */;
			proxyType = 1;
			remoteGlobalIDString = FC22AD4D27C7D71B00EE8F0D;
			remoteInfo = KPP;
		};
/* End PBXContainerItemProxy section */

/* Begin PBXFileReference section */
		FC22AD4E27C7D71B00EE8F0D /* KPP.app */ = {isa = PBXFileReference; explicitFileType = wrapper.application; includeInIndex = 0; path = KPP.app; sourceTree = BUILT_PRODUCTS_DIR; };
		FC22AD5127C7D71B00EE8F0D /* AppDelegate.swift */ = {isa = PBXFileReference; lastKnownFileType = sourcecode.swift; path = AppDelegate.swift; sourceTree = "<group>"; };
		FC22AD5327C7D71B00EE8F0D /* SceneDelegate.swift */ = {isa = PBXFileReference; lastKnownFileType = sourcecode.swift; path = SceneDelegate.swift; sourceTree = "<group>"; };
		FC22AD5527C7D71B00EE8F0D /* ViewController.swift */ = {isa = PBXFileReference; lastKnownFileType = sourcecode.swift; path = ViewController.swift; sourceTree = "<group>"; };
		FC22AD5827C7D71B00EE8F0D /* Base */ = {isa = PBXFileReference; lastKnownFileType = file.storyboard; name = Base; path = Base.lproj/Main.storyboard; sourceTree = "<group>"; };
		FC22AD5D27C7D71D00EE8F0D /* Base */ = {isa = PBXFileReference; lastKnownFileType = file.storyboard; name = Base; path = Base.lproj/LaunchScreen.storyboard; sourceTree = "<group>"; };
		FC22AD5F27C7D71D00EE8F0D /* Info.plist */ = {isa = PBXFileReference; lastKnownFileType = text.plist.xml; path = Info.plist; sourceTree = "<group>"; };
		FC22AD6427C7D71D00EE8F0D /* KPPTests.xctest */ = {isa = PBXFileReference; explicitFileType = wrapper.cfbundle; includeInIndex = 0; path = KPPTests.xctest; sourceTree = BUILT_PRODUCTS_DIR; };
		FC22AD6827C7D71D00EE8F0D /* KPPTests.swift */ = {isa = PBXFileReference; lastKnownFileType = sourcecode.swift; path = KPPTests.swift; sourceTree = "<group>"; };
		FC22AD6E27C7D71D00EE8F0D /* KPPUITests.xctest */ = {isa = PBXFileReference; explicitFileType = wrapper.cfbundle; includeInIndex = 0; path = KPPUITests.xctest; sourceTree = BUILT_PRODUCTS_DIR; };
		FC22AD7227C7D71D00EE8F0D /* KPPUITests.swift */ = {isa = PBXFileReference; lastKnownFileType = sourcecode.swift; path = KPPUITests.swift; sourceTree = "<group>"; };
		FC22AD7427C7D71D00EE8F0D /* KPPUITestsLaunchTests.swift */ = {isa = PBXFileReference; lastKnownFileType = sourcecode.swift; path = KPPUITestsLaunchTests.swift; sourceTree = "<group>"; };
		FC22AD8527C7DEAE00EE8F0D /* HomeVC.swift */ = {isa = PBXFileReference; lastKnownFileType = sourcecode.swift; path = HomeVC.swift; sourceTree = "<group>"; };
		FC22AD8827C7E61200EE8F0D /* ContainerVC.swift */ = {isa = PBXFileReference; lastKnownFileType = sourcecode.swift; path = ContainerVC.swift; sourceTree = "<group>"; };
		FC22AD8B27C7E70500EE8F0D /* MenuVC.swift */ = {isa = PBXFileReference; lastKnownFileType = sourcecode.swift; path = MenuVC.swift; sourceTree = "<group>"; };
		FC22AD8E27C7F98200EE8F0D /* InfoVC.swift */ = {isa = PBXFileReference; lastKnownFileType = sourcecode.swift; path = InfoVC.swift; sourceTree = "<group>"; };
		FC22AD9127C8B98F00EE8F0D /* WorkshopVC.swift */ = {isa = PBXFileReference; lastKnownFileType = sourcecode.swift; path = WorkshopVC.swift; sourceTree = "<group>"; };
		FC22AD9427C8BD8600EE8F0D /* GentelmenVC.swift */ = {isa = PBXFileReference; lastKnownFileType = sourcecode.swift; path = GentelmenVC.swift; sourceTree = "<group>"; };
		FC22AD9727C8BE5700EE8F0D /* ChestAvtoVC.swift */ = {isa = PBXFileReference; lastKnownFileType = sourcecode.swift; path = ChestAvtoVC.swift; sourceTree = "<group>"; };
		FC22ADAA27D90A2B00EE8F0D /* ofont.ru_Marutya.ttf */ = {isa = PBXFileReference; lastKnownFileType = file; path = ofont.ru_Marutya.ttf; sourceTree = "<group>"; };
		FC22ADB127D912F700EE8F0D /* HomeTableLayout.swift */ = {isa = PBXFileReference; lastKnownFileType = sourcecode.swift; path = HomeTableLayout.swift; sourceTree = "<group>"; };
		FC22ADB627D9142E00EE8F0D /* HumanCell.swift */ = {isa = PBXFileReference; lastKnownFileType = sourcecode.swift; path = HumanCell.swift; sourceTree = "<group>"; };
		FC22ADBA27D9160C00EE8F0D /* Human.swift */ = {isa = PBXFileReference; lastKnownFileType = sourcecode.swift; path = Human.swift; sourceTree = "<group>"; };
		FC22ADBE27D916FE00EE8F0D /* HumanManager.swift */ = {isa = PBXFileReference; lastKnownFileType = sourcecode.swift; path = HumanManager.swift; sourceTree = "<group>"; };
		FC22ADC227D91A1D00EE8F0D /* HumanModel.swift */ = {isa = PBXFileReference; lastKnownFileType = sourcecode.swift; path = HumanModel.swift; sourceTree = "<group>"; };
		FC22ADC727D9FF5000EE8F0D /* PhotoCell.swift */ = {isa = PBXFileReference; lastKnownFileType = sourcecode.swift; path = PhotoCell.swift; sourceTree = "<group>"; };
		FC22ADCC27DA123300EE8F0D /* CustomNav.swift */ = {isa = PBXFileReference; lastKnownFileType = sourcecode.swift; path = CustomNav.swift; sourceTree = "<group>"; };
		FC22ADD127DA552800EE8F0D /* Photo.swift */ = {isa = PBXFileReference; lastKnownFileType = sourcecode.swift; path = Photo.swift; sourceTree = "<group>"; };
		FC22ADD527DA55CF00EE8F0D /* PhotoManager.swift */ = {isa = PBXFileReference; lastKnownFileType = sourcecode.swift; path = PhotoManager.swift; sourceTree = "<group>"; };
		FC22ADD927DA565000EE8F0D /* PhotoModel.swift */ = {isa = PBXFileReference; lastKnownFileType = sourcecode.swift; path = PhotoModel.swift; sourceTree = "<group>"; };
		FC22ADDD27DA5AF400EE8F0D /* PhotoTableLayout.swift */ = {isa = PBXFileReference; lastKnownFileType = sourcecode.swift; path = PhotoTableLayout.swift; sourceTree = "<group>"; };
		FC22ADE227DA602400EE8F0D /* BuyVC.swift */ = {isa = PBXFileReference; lastKnownFileType = sourcecode.swift; path = BuyVC.swift; sourceTree = "<group>"; };
		FC22ADE627DA6D0B00EE8F0D /* SellVC.swift */ = {isa = PBXFileReference; lastKnownFileType = sourcecode.swift; path = SellVC.swift; sourceTree = "<group>"; };
		FC22ADEA27DA6D4000EE8F0D /* CommissionVC.swift */ = {isa = PBXFileReference; lastKnownFileType = sourcecode.swift; path = CommissionVC.swift; sourceTree = "<group>"; };
		FC22ADEF27DA6E5C00EE8F0D /* GentlmenCell.swift */ = {isa = PBXFileReference; lastKnownFileType = sourcecode.swift; path = GentlmenCell.swift; sourceTree = "<group>"; };
		FC22ADF327DA6E7100EE8F0D /* Gentlmen.swift */ = {isa = PBXFileReference; lastKnownFileType = sourcecode.swift; path = Gentlmen.swift; sourceTree = "<group>"; };
		FC22ADF727DA6E7D00EE8F0D /* GentlmenManager.swift */ = {isa = PBXFileReference; lastKnownFileType = sourcecode.swift; path = GentlmenManager.swift; sourceTree = "<group>"; };
		FC22ADFB27DA6E8700EE8F0D /* GentlmenModel.swift */ = {isa = PBXFileReference; lastKnownFileType = sourcecode.swift; path = GentlmenModel.swift; sourceTree = "<group>"; };
		FC22AE0027DA74B000EE8F0D /* Workshop.swift */ = {isa = PBXFileReference; lastKnownFileType = sourcecode.swift; path = Workshop.swift; sourceTree = "<group>"; };
		FC22AE0427DA74BA00EE8F0D /* WorkshopCell.swift */ = {isa = PBXFileReference; lastKnownFileType = sourcecode.swift; path = WorkshopCell.swift; sourceTree = "<group>"; };
		FC22AE0827DA74C400EE8F0D /* WorkshopManager.swift */ = {isa = PBXFileReference; lastKnownFileType = sourcecode.swift; path = WorkshopManager.swift; sourceTree = "<group>"; };
		FC22AE0C27DA74CE00EE8F0D /* WorkshopModel.swift */ = {isa = PBXFileReference; lastKnownFileType = sourcecode.swift; path = WorkshopModel.swift; sourceTree = "<group>"; };
		FC22AE1127DA776B00EE8F0D /* ServiceVC.swift */ = {isa = PBXFileReference; lastKnownFileType = sourcecode.swift; path = ServiceVC.swift; sourceTree = "<group>"; };
		FC22AE1527DA777B00EE8F0D /* DetailingVC.swift */ = {isa = PBXFileReference; lastKnownFileType = sourcecode.swift; path = DetailingVC.swift; sourceTree = "<group>"; };
		FC22AE1927DA78C800EE8F0D /* Assets.xcassets */ = {isa = PBXFileReference; lastKnownFileType = folder.assetcatalog; path = Assets.xcassets; sourceTree = "<group>"; };
		FC22AE1D27DB351D00EE8F0D /* CustomTextField.swift */ = {isa = PBXFileReference; lastKnownFileType = sourcecode.swift; path = CustomTextField.swift; sourceTree = "<group>"; };
		FC22AE2127DB593F00EE8F0D /* CustomSegmentedControl.swift */ = {isa = PBXFileReference; lastKnownFileType = sourcecode.swift; path = CustomSegmentedControl.swift; sourceTree = "<group>"; };
		FC22AE2627DB8EC900EE8F0D /* PhotoCarsCell.swift */ = {isa = PBXFileReference; lastKnownFileType = sourcecode.swift; path = PhotoCarsCell.swift; sourceTree = "<group>"; };
		FC22AE2B27E784AB00EE8F0D /* BuyCell.swift */ = {isa = PBXFileReference; lastKnownFileType = sourcecode.swift; path = BuyCell.swift; sourceTree = "<group>"; };
		FC22AE2F27E7873900EE8F0D /* BuyManager.swift */ = {isa = PBXFileReference; lastKnownFileType = sourcecode.swift; path = BuyManager.swift; sourceTree = "<group>"; };
		FC22AE3327E7874700EE8F0D /* BuyModel.swift */ = {isa = PBXFileReference; lastKnownFileType = sourcecode.swift; path = BuyModel.swift; sourceTree = "<group>"; };
		FC22AE3727E7880B00EE8F0D /* Cars.swift */ = {isa = PBXFileReference; lastKnownFileType = sourcecode.swift; path = Cars.swift; sourceTree = "<group>"; };
		FC22AE3B27E8960400EE8F0D /* CustomPicker.swift */ = {isa = PBXFileReference; lastKnownFileType = sourcecode.swift; path = CustomPicker.swift; sourceTree = "<group>"; };
		FC42857C27EB52BB000A3B0E /* CarCardVC.swift */ = {isa = PBXFileReference; lastKnownFileType = sourcecode.swift; path = CarCardVC.swift; sourceTree = "<group>"; };
/* End PBXFileReference section */

/* Begin PBXFrameworksBuildPhase section */
		FC22AD4B27C7D71B00EE8F0D /* Frameworks */ = {
			isa = PBXFrameworksBuildPhase;
			buildActionMask = 2147483647;
			files = (
			);
			runOnlyForDeploymentPostprocessing = 0;
		};
		FC22AD6127C7D71D00EE8F0D /* Frameworks */ = {
			isa = PBXFrameworksBuildPhase;
			buildActionMask = 2147483647;
			files = (
			);
			runOnlyForDeploymentPostprocessing = 0;
		};
		FC22AD6B27C7D71D00EE8F0D /* Frameworks */ = {
			isa = PBXFrameworksBuildPhase;
			buildActionMask = 2147483647;
			files = (
			);
			runOnlyForDeploymentPostprocessing = 0;
		};
/* End PBXFrameworksBuildPhase section */

/* Begin PBXGroup section */
		FC22AD4527C7D71B00EE8F0D = {
			isa = PBXGroup;
			children = (
				FC22AD5027C7D71B00EE8F0D /* KPP */,
				FC22AD6727C7D71D00EE8F0D /* KPPTests */,
				FC22AD7127C7D71D00EE8F0D /* KPPUITests */,
				FC22AD4F27C7D71B00EE8F0D /* Products */,
			);
			sourceTree = "<group>";
		};
		FC22AD4F27C7D71B00EE8F0D /* Products */ = {
			isa = PBXGroup;
			children = (
				FC22AD4E27C7D71B00EE8F0D /* KPP.app */,
				FC22AD6427C7D71D00EE8F0D /* KPPTests.xctest */,
				FC22AD6E27C7D71D00EE8F0D /* KPPUITests.xctest */,
			);
			name = Products;
			sourceTree = "<group>";
		};
		FC22AD5027C7D71B00EE8F0D /* KPP */ = {
			isa = PBXGroup;
			children = (
				FC22ADE127DA5FF200EE8F0D /* Buy */,
				FC22ADCB27DA121900EE8F0D /* Custom */,
				FC22AD9927D904AA00EE8F0D /* Fonts */,
				FC22AD9627C8BE3F00EE8F0D /* ChestAvto */,
				FC22AD9327C8BD5E00EE8F0D /* Gentlmen */,
				FC22AD8427C7DE9700EE8F0D /* Home */,
				FC22AD9027C8B94E00EE8F0D /* Workshop */,
				FC22AD8D27C7F96E00EE8F0D /* Info */,
				FC22AD8A27C7E6EF00EE8F0D /* Menu */,
				FC22AD8727C7E5F300EE8F0D /* Container */,
				FC22AD8127C7D73D00EE8F0D /* Loading_Screen */,
				FC22AD5127C7D71B00EE8F0D /* AppDelegate.swift */,
				FC22AD5327C7D71B00EE8F0D /* SceneDelegate.swift */,
				FC22AD5727C7D71B00EE8F0D /* Main.storyboard */,
				FC22AD5F27C7D71D00EE8F0D /* Info.plist */,
				FC22AE1927DA78C800EE8F0D /* Assets.xcassets */,
			);
			path = KPP;
			sourceTree = "<group>";
		};
		FC22AD6727C7D71D00EE8F0D /* KPPTests */ = {
			isa = PBXGroup;
			children = (
				FC22AD6827C7D71D00EE8F0D /* KPPTests.swift */,
			);
			path = KPPTests;
			sourceTree = "<group>";
		};
		FC22AD7127C7D71D00EE8F0D /* KPPUITests */ = {
			isa = PBXGroup;
			children = (
				FC22AD7227C7D71D00EE8F0D /* KPPUITests.swift */,
				FC22AD7427C7D71D00EE8F0D /* KPPUITestsLaunchTests.swift */,
			);
			path = KPPUITests;
			sourceTree = "<group>";
		};
		FC22AD8127C7D73D00EE8F0D /* Loading_Screen */ = {
			isa = PBXGroup;
			children = (
				FC22AD5C27C7D71D00EE8F0D /* LaunchScreen.storyboard */,
				FC22AD5527C7D71B00EE8F0D /* ViewController.swift */,
			);
			path = Loading_Screen;
			sourceTree = "<group>";
		};
		FC22AD8427C7DE9700EE8F0D /* Home */ = {
			isa = PBXGroup;
			children = (
				FC22ADB527D9142000EE8F0D /* Cell */,
				FC22AD8527C7DEAE00EE8F0D /* HomeVC.swift */,
				FC22ADB127D912F700EE8F0D /* HomeTableLayout.swift */,
			);
			path = Home;
			sourceTree = "<group>";
		};
		FC22AD8727C7E5F300EE8F0D /* Container */ = {
			isa = PBXGroup;
			children = (
				FC22AD8827C7E61200EE8F0D /* ContainerVC.swift */,
			);
			path = Container;
			sourceTree = "<group>";
		};
		FC22AD8A27C7E6EF00EE8F0D /* Menu */ = {
			isa = PBXGroup;
			children = (
				FC22AD8B27C7E70500EE8F0D /* MenuVC.swift */,
			);
			path = Menu;
			sourceTree = "<group>";
		};
		FC22AD8D27C7F96E00EE8F0D /* Info */ = {
			isa = PBXGroup;
			children = (
				FC22AD8E27C7F98200EE8F0D /* InfoVC.swift */,
			);
			path = Info;
			sourceTree = "<group>";
		};
		FC22AD9027C8B94E00EE8F0D /* Workshop */ = {
			isa = PBXGroup;
			children = (
				FC22AE1027DA775200EE8F0D /* Controllers */,
				FC22ADFF27DA748F00EE8F0D /* CollectionWorkshop */,
				FC22AD9127C8B98F00EE8F0D /* WorkshopVC.swift */,
			);
			path = Workshop;
			sourceTree = "<group>";
		};
		FC22AD9327C8BD5E00EE8F0D /* Gentlmen */ = {
			isa = PBXGroup;
			children = (
				FC22ADEE27DA6E3000EE8F0D /* CollectionGentelmen */,
				FC22AD9427C8BD8600EE8F0D /* GentelmenVC.swift */,
			);
			path = Gentlmen;
			sourceTree = "<group>";
		};
		FC22AD9627C8BE3F00EE8F0D /* ChestAvto */ = {
			isa = PBXGroup;
			children = (
				FC22ADC627D9FF3500EE8F0D /* CollectiomPhoto */,
				FC22AD9727C8BE5700EE8F0D /* ChestAvtoVC.swift */,
				FC22ADDD27DA5AF400EE8F0D /* PhotoTableLayout.swift */,
			);
			path = ChestAvto;
			sourceTree = "<group>";
		};
		FC22AD9927D904AA00EE8F0D /* Fonts */ = {
			isa = PBXGroup;
			children = (
				FC22ADAA27D90A2B00EE8F0D /* ofont.ru_Marutya.ttf */,
			);
			path = Fonts;
			sourceTree = "<group>";
		};
		FC22ADB527D9142000EE8F0D /* Cell */ = {
			isa = PBXGroup;
			children = (
				FC22ADB627D9142E00EE8F0D /* HumanCell.swift */,
				FC22ADBA27D9160C00EE8F0D /* Human.swift */,
				FC22ADBE27D916FE00EE8F0D /* HumanManager.swift */,
				FC22ADC227D91A1D00EE8F0D /* HumanModel.swift */,
			);
			path = Cell;
			sourceTree = "<group>";
		};
		FC22ADC627D9FF3500EE8F0D /* CollectiomPhoto */ = {
			isa = PBXGroup;
			children = (
				FC22ADC727D9FF5000EE8F0D /* PhotoCell.swift */,
				FC22ADD127DA552800EE8F0D /* Photo.swift */,
				FC22ADD527DA55CF00EE8F0D /* PhotoManager.swift */,
				FC22ADD927DA565000EE8F0D /* PhotoModel.swift */,
			);
			path = CollectiomPhoto;
			sourceTree = "<group>";
		};
		FC22ADCB27DA121900EE8F0D /* Custom */ = {
			isa = PBXGroup;
			children = (
				FC22ADCC27DA123300EE8F0D /* CustomNav.swift */,
				FC22AE1D27DB351D00EE8F0D /* CustomTextField.swift */,
				FC22AE2127DB593F00EE8F0D /* CustomSegmentedControl.swift */,
				FC22AE3B27E8960400EE8F0D /* CustomPicker.swift */,
			);
			path = Custom;
			sourceTree = "<group>";
		};
		FC22ADE127DA5FF200EE8F0D /* Buy */ = {
			isa = PBXGroup;
			children = (
				FC42857B27EB5278000A3B0E /* CarCard */,
				FC22AE2A27E7846200EE8F0D /* BuyVC */,
				FC22AE2527DB8EAC00EE8F0D /* CollectionCarsPhoto */,
				FC22ADE627DA6D0B00EE8F0D /* SellVC.swift */,
				FC22ADEA27DA6D4000EE8F0D /* CommissionVC.swift */,
			);
			path = Buy;
			sourceTree = "<group>";
		};
		FC22ADEE27DA6E3000EE8F0D /* CollectionGentelmen */ = {
			isa = PBXGroup;
			children = (
				FC22ADEF27DA6E5C00EE8F0D /* GentlmenCell.swift */,
				FC22ADF327DA6E7100EE8F0D /* Gentlmen.swift */,
				FC22ADF727DA6E7D00EE8F0D /* GentlmenManager.swift */,
				FC22ADFB27DA6E8700EE8F0D /* GentlmenModel.swift */,
			);
			path = CollectionGentelmen;
			sourceTree = "<group>";
		};
		FC22ADFF27DA748F00EE8F0D /* CollectionWorkshop */ = {
			isa = PBXGroup;
			children = (
				FC22AE0027DA74B000EE8F0D /* Workshop.swift */,
				FC22AE0427DA74BA00EE8F0D /* WorkshopCell.swift */,
				FC22AE0827DA74C400EE8F0D /* WorkshopManager.swift */,
				FC22AE0C27DA74CE00EE8F0D /* WorkshopModel.swift */,
			);
			path = CollectionWorkshop;
			sourceTree = "<group>";
		};
		FC22AE1027DA775200EE8F0D /* Controllers */ = {
			isa = PBXGroup;
			children = (
				FC22AE1127DA776B00EE8F0D /* ServiceVC.swift */,
				FC22AE1527DA777B00EE8F0D /* DetailingVC.swift */,
			);
			path = Controllers;
			sourceTree = "<group>";
		};
		FC22AE2527DB8EAC00EE8F0D /* CollectionCarsPhoto */ = {
			isa = PBXGroup;
			children = (
				FC22AE2627DB8EC900EE8F0D /* PhotoCarsCell.swift */,
			);
			path = CollectionCarsPhoto;
			sourceTree = "<group>";
		};
		FC22AE2A27E7846200EE8F0D /* BuyVC */ = {
			isa = PBXGroup;
			children = (
				FC22ADE227DA602400EE8F0D /* BuyVC.swift */,
				FC22AE2B27E784AB00EE8F0D /* BuyCell.swift */,
				FC22AE2F27E7873900EE8F0D /* BuyManager.swift */,
				FC22AE3327E7874700EE8F0D /* BuyModel.swift */,
				FC22AE3727E7880B00EE8F0D /* Cars.swift */,
			);
			path = BuyVC;
			sourceTree = "<group>";
		};
		FC42857B27EB5278000A3B0E /* CarCard */ = {
			isa = PBXGroup;
			children = (
				FC42857C27EB52BB000A3B0E /* CarCardVC.swift */,
			);
			path = CarCard;
			sourceTree = "<group>";
		};
/* End PBXGroup section */

/* Begin PBXNativeTarget section */
		FC22AD4D27C7D71B00EE8F0D /* KPP */ = {
			isa = PBXNativeTarget;
			buildConfigurationList = FC22AD7827C7D71D00EE8F0D /* Build configuration list for PBXNativeTarget "KPP" */;
			buildPhases = (
				FC22AD4A27C7D71B00EE8F0D /* Sources */,
				FC22AD4B27C7D71B00EE8F0D /* Frameworks */,
				FC22AD4C27C7D71B00EE8F0D /* Resources */,
			);
			buildRules = (
			);
			dependencies = (
			);
			name = KPP;
			productName = KPP;
			productReference = FC22AD4E27C7D71B00EE8F0D /* KPP.app */;
			productType = "com.apple.product-type.application";
		};
		FC22AD6327C7D71D00EE8F0D /* KPPTests */ = {
			isa = PBXNativeTarget;
			buildConfigurationList = FC22AD7B27C7D71D00EE8F0D /* Build configuration list for PBXNativeTarget "KPPTests" */;
			buildPhases = (
				FC22AD6027C7D71D00EE8F0D /* Sources */,
				FC22AD6127C7D71D00EE8F0D /* Frameworks */,
				FC22AD6227C7D71D00EE8F0D /* Resources */,
			);
			buildRules = (
			);
			dependencies = (
				FC22AD6627C7D71D00EE8F0D /* PBXTargetDependency */,
			);
			name = KPPTests;
			productName = KPPTests;
			productReference = FC22AD6427C7D71D00EE8F0D /* KPPTests.xctest */;
			productType = "com.apple.product-type.bundle.unit-test";
		};
		FC22AD6D27C7D71D00EE8F0D /* KPPUITests */ = {
			isa = PBXNativeTarget;
			buildConfigurationList = FC22AD7E27C7D71D00EE8F0D /* Build configuration list for PBXNativeTarget "KPPUITests" */;
			buildPhases = (
				FC22AD6A27C7D71D00EE8F0D /* Sources */,
				FC22AD6B27C7D71D00EE8F0D /* Frameworks */,
				FC22AD6C27C7D71D00EE8F0D /* Resources */,
			);
			buildRules = (
			);
			dependencies = (
				FC22AD7027C7D71D00EE8F0D /* PBXTargetDependency */,
			);
			name = KPPUITests;
			productName = KPPUITests;
			productReference = FC22AD6E27C7D71D00EE8F0D /* KPPUITests.xctest */;
			productType = "com.apple.product-type.bundle.ui-testing";
		};
/* End PBXNativeTarget section */

/* Begin PBXProject section */
		FC22AD4627C7D71B00EE8F0D /* Project object */ = {
			isa = PBXProject;
			attributes = {
				BuildIndependentTargetsInParallel = 1;
				LastSwiftUpdateCheck = 1310;
				LastUpgradeCheck = 1310;
				TargetAttributes = {
					FC22AD4D27C7D71B00EE8F0D = {
						CreatedOnToolsVersion = 13.1;
					};
					FC22AD6327C7D71D00EE8F0D = {
						CreatedOnToolsVersion = 13.1;
						TestTargetID = FC22AD4D27C7D71B00EE8F0D;
					};
					FC22AD6D27C7D71D00EE8F0D = {
						CreatedOnToolsVersion = 13.1;
						TestTargetID = FC22AD4D27C7D71B00EE8F0D;
					};
				};
			};
			buildConfigurationList = FC22AD4927C7D71B00EE8F0D /* Build configuration list for PBXProject "KPP" */;
			compatibilityVersion = "Xcode 13.0";
			developmentRegion = en;
			hasScannedForEncodings = 0;
			knownRegions = (
				en,
				Base,
			);
			mainGroup = FC22AD4527C7D71B00EE8F0D;
			packageReferences = (
			);
			productRefGroup = FC22AD4F27C7D71B00EE8F0D /* Products */;
			projectDirPath = "";
			projectRoot = "";
			targets = (
				FC22AD4D27C7D71B00EE8F0D /* KPP */,
				FC22AD6327C7D71D00EE8F0D /* KPPTests */,
				FC22AD6D27C7D71D00EE8F0D /* KPPUITests */,
			);
		};
/* End PBXProject section */

/* Begin PBXResourcesBuildPhase section */
		FC22AD4C27C7D71B00EE8F0D /* Resources */ = {
			isa = PBXResourcesBuildPhase;
			buildActionMask = 2147483647;
			files = (
				FC22AD5E27C7D71D00EE8F0D /* LaunchScreen.storyboard in Resources */,
				FC22ADAB27D90A2B00EE8F0D /* ofont.ru_Marutya.ttf in Resources */,
				FC22AE1A27DA78C800EE8F0D /* Assets.xcassets in Resources */,
				FC22AD5927C7D71B00EE8F0D /* Main.storyboard in Resources */,
			);
			runOnlyForDeploymentPostprocessing = 0;
		};
		FC22AD6227C7D71D00EE8F0D /* Resources */ = {
			isa = PBXResourcesBuildPhase;
			buildActionMask = 2147483647;
			files = (
				FC22AE1B27DA78C800EE8F0D /* Assets.xcassets in Resources */,
				FC22ADAC27D90A2B00EE8F0D /* ofont.ru_Marutya.ttf in Resources */,
			);
			runOnlyForDeploymentPostprocessing = 0;
		};
		FC22AD6C27C7D71D00EE8F0D /* Resources */ = {
			isa = PBXResourcesBuildPhase;
			buildActionMask = 2147483647;
			files = (
				FC22AE1C27DA78C800EE8F0D /* Assets.xcassets in Resources */,
				FC22ADAD27D90A2B00EE8F0D /* ofont.ru_Marutya.ttf in Resources */,
			);
			runOnlyForDeploymentPostprocessing = 0;
		};
/* End PBXResourcesBuildPhase section */

/* Begin PBXSourcesBuildPhase section */
		FC22AD4A27C7D71B00EE8F0D /* Sources */ = {
			isa = PBXSourcesBuildPhase;
			buildActionMask = 2147483647;
			files = (
				FC22AD5627C7D71B00EE8F0D /* ViewController.swift in Sources */,
				FC22AE3027E7873900EE8F0D /* BuyManager.swift in Sources */,
				FC22ADFC27DA6E8700EE8F0D /* GentlmenModel.swift in Sources */,
				FC22AE1627DA777B00EE8F0D /* DetailingVC.swift in Sources */,
				FC22AD9227C8B98F00EE8F0D /* WorkshopVC.swift in Sources */,
				FC22AD8627C7DEAE00EE8F0D /* HomeVC.swift in Sources */,
				FC22AD5227C7D71B00EE8F0D /* AppDelegate.swift in Sources */,
				FC22ADCD27DA123300EE8F0D /* CustomNav.swift in Sources */,
				FC22AE3C27E8960400EE8F0D /* CustomPicker.swift in Sources */,
				FC22ADE327DA602400EE8F0D /* BuyVC.swift in Sources */,
				FC22AE0927DA74C400EE8F0D /* WorkshopManager.swift in Sources */,
				FC22ADC827D9FF5000EE8F0D /* PhotoCell.swift in Sources */,
				FC22ADBB27D9160C00EE8F0D /* Human.swift in Sources */,
				FC22AD5427C7D71B00EE8F0D /* SceneDelegate.swift in Sources */,
				FC22ADB727D9142E00EE8F0D /* HumanCell.swift in Sources */,
				FC22ADB227D912F700EE8F0D /* HomeTableLayout.swift in Sources */,
				FC22AE1E27DB351D00EE8F0D /* CustomTextField.swift in Sources */,
				FC22ADC327D91A1D00EE8F0D /* HumanModel.swift in Sources */,
				FC22AD8F27C7F98200EE8F0D /* InfoVC.swift in Sources */,
				FC22AE3427E7874700EE8F0D /* BuyModel.swift in Sources */,
				FC22ADD227DA552800EE8F0D /* Photo.swift in Sources */,
				FC22AE0127DA74B000EE8F0D /* Workshop.swift in Sources */,
				FC22AE1227DA776B00EE8F0D /* ServiceVC.swift in Sources */,
				FC22AE0527DA74BA00EE8F0D /* WorkshopCell.swift in Sources */,
				FC22AD9827C8BE5700EE8F0D /* ChestAvtoVC.swift in Sources */,
				FC22ADD627DA55CF00EE8F0D /* PhotoManager.swift in Sources */,
				FC22AE2227DB593F00EE8F0D /* CustomSegmentedControl.swift in Sources */,
				FC22AD8927C7E61200EE8F0D /* ContainerVC.swift in Sources */,
				FC22AE2727DB8EC900EE8F0D /* PhotoCarsCell.swift in Sources */,
				FC22AE3827E7880B00EE8F0D /* Cars.swift in Sources */,
				FC22ADDE27DA5AF400EE8F0D /* PhotoTableLayout.swift in Sources */,
				FC22ADE727DA6D0B00EE8F0D /* SellVC.swift in Sources */,
				FC42857D27EB52BB000A3B0E /* CarCardVC.swift in Sources */,
				FC22AE2C27E784AB00EE8F0D /* BuyCell.swift in Sources */,
				FC22ADBF27D916FE00EE8F0D /* HumanManager.swift in Sources */,
				FC22ADF827DA6E7D00EE8F0D /* GentlmenManager.swift in Sources */,
				FC22AD8C27C7E70500EE8F0D /* MenuVC.swift in Sources */,
				FC22ADDA27DA565000EE8F0D /* PhotoModel.swift in Sources */,
				FC22AD9527C8BD8600EE8F0D /* GentelmenVC.swift in Sources */,
				FC22AE0D27DA74CE00EE8F0D /* WorkshopModel.swift in Sources */,
				FC22ADF427DA6E7100EE8F0D /* Gentlmen.swift in Sources */,
				FC22ADEB27DA6D4000EE8F0D /* CommissionVC.swift in Sources */,
				FC22ADF027DA6E5C00EE8F0D /* GentlmenCell.swift in Sources */,
			);
			runOnlyForDeploymentPostprocessing = 0;
		};
		FC22AD6027C7D71D00EE8F0D /* Sources */ = {
			isa = PBXSourcesBuildPhase;
			buildActionMask = 2147483647;
			files = (
				FC22AE1F27DB351D00EE8F0D /* CustomTextField.swift in Sources */,
				FC22ADC927D9FF5100EE8F0D /* PhotoCell.swift in Sources */,
				FC22ADDF27DA5AF400EE8F0D /* PhotoTableLayout.swift in Sources */,
				FC22ADC027D916FE00EE8F0D /* HumanManager.swift in Sources */,
				FC22ADCE27DA123300EE8F0D /* CustomNav.swift in Sources */,
				FC22ADFD27DA6E8700EE8F0D /* GentlmenModel.swift in Sources */,
				FC22ADD327DA552800EE8F0D /* Photo.swift in Sources */,
				FC22ADEC27DA6D4000EE8F0D /* CommissionVC.swift in Sources */,
				FC22AE3D27E8960400EE8F0D /* CustomPicker.swift in Sources */,
				FC22AD6927C7D71D00EE8F0D /* KPPTests.swift in Sources */,
				FC22AE2D27E784AB00EE8F0D /* BuyCell.swift in Sources */,
				FC22AE3127E7873900EE8F0D /* BuyManager.swift in Sources */,
				FC22ADBC27D9160C00EE8F0D /* Human.swift in Sources */,
				FC22ADE427DA602400EE8F0D /* BuyVC.swift in Sources */,
				FC22AE0627DA74BA00EE8F0D /* WorkshopCell.swift in Sources */,
				FC22AE3927E7880B00EE8F0D /* Cars.swift in Sources */,
				FC22AE0227DA74B000EE8F0D /* Workshop.swift in Sources */,
				FC22ADE827DA6D0B00EE8F0D /* SellVC.swift in Sources */,
				FC22ADB327D912F700EE8F0D /* HomeTableLayout.swift in Sources */,
				FC22AE3527E7874700EE8F0D /* BuyModel.swift in Sources */,
				FC22ADF927DA6E7D00EE8F0D /* GentlmenManager.swift in Sources */,
				FC22ADB827D9142E00EE8F0D /* HumanCell.swift in Sources */,
				FC22AE2827DB8EC900EE8F0D /* PhotoCarsCell.swift in Sources */,
				FC22ADDB27DA565000EE8F0D /* PhotoModel.swift in Sources */,
				FC22ADF127DA6E5C00EE8F0D /* GentlmenCell.swift in Sources */,
				FC22ADF527DA6E7100EE8F0D /* Gentlmen.swift in Sources */,
				FC22AE0E27DA74CE00EE8F0D /* WorkshopModel.swift in Sources */,
				FC22AE1327DA776B00EE8F0D /* ServiceVC.swift in Sources */,
				FC22ADD727DA55CF00EE8F0D /* PhotoManager.swift in Sources */,
				FC22AE2327DB593F00EE8F0D /* CustomSegmentedControl.swift in Sources */,
				FC22AE0A27DA74C400EE8F0D /* WorkshopManager.swift in Sources */,
				FC22AE1727DA777B00EE8F0D /* DetailingVC.swift in Sources */,
				FC22ADC427D91A1D00EE8F0D /* HumanModel.swift in Sources */,
			);
			runOnlyForDeploymentPostprocessing = 0;
		};
		FC22AD6A27C7D71D00EE8F0D /* Sources */ = {
			isa = PBXSourcesBuildPhase;
			buildActionMask = 2147483647;
			files = (
				FC22AE0727DA74BA00EE8F0D /* WorkshopCell.swift in Sources */,
				FC22AD7527C7D71D00EE8F0D /* KPPUITestsLaunchTests.swift in Sources */,
				FC22AE3E27E8960400EE8F0D /* CustomPicker.swift in Sources */,
				FC22ADF627DA6E7100EE8F0D /* Gentlmen.swift in Sources */,
				FC22ADB927D9142E00EE8F0D /* HumanCell.swift in Sources */,
				FC22AE1827DA777B00EE8F0D /* DetailingVC.swift in Sources */,
				FC22ADF227DA6E5C00EE8F0D /* GentlmenCell.swift in Sources */,
				FC22ADD827DA55CF00EE8F0D /* PhotoManager.swift in Sources */,
				FC22AE3227E7873900EE8F0D /* BuyManager.swift in Sources */,
				FC22AE2927DB8EC900EE8F0D /* PhotoCarsCell.swift in Sources */,
				FC22AE2427DB593F00EE8F0D /* CustomSegmentedControl.swift in Sources */,
				FC22AE3627E7874700EE8F0D /* BuyModel.swift in Sources */,
				FC22AD7327C7D71D00EE8F0D /* KPPUITests.swift in Sources */,
				FC22AE2027DB351D00EE8F0D /* CustomTextField.swift in Sources */,
				FC22ADBD27D9160C00EE8F0D /* Human.swift in Sources */,
				FC22ADE527DA602400EE8F0D /* BuyVC.swift in Sources */,
				FC22ADD427DA552800EE8F0D /* Photo.swift in Sources */,
				FC22ADED27DA6D4000EE8F0D /* CommissionVC.swift in Sources */,
				FC22ADDC27DA565000EE8F0D /* PhotoModel.swift in Sources */,
				FC22AE0F27DA74CE00EE8F0D /* WorkshopModel.swift in Sources */,
				FC22ADCA27D9FF5100EE8F0D /* PhotoCell.swift in Sources */,
				FC22ADCF27DA123300EE8F0D /* CustomNav.swift in Sources */,
				FC22ADE927DA6D0B00EE8F0D /* SellVC.swift in Sources */,
				FC22AE2E27E784AB00EE8F0D /* BuyCell.swift in Sources */,
				FC22ADB427D912F700EE8F0D /* HomeTableLayout.swift in Sources */,
				FC22AE1427DA776B00EE8F0D /* ServiceVC.swift in Sources */,
				FC22AE3A27E7880B00EE8F0D /* Cars.swift in Sources */,
				FC22ADFA27DA6E7D00EE8F0D /* GentlmenManager.swift in Sources */,
				FC22ADE027DA5AF400EE8F0D /* PhotoTableLayout.swift in Sources */,
				FC22ADFE27DA6E8700EE8F0D /* GentlmenModel.swift in Sources */,
				FC22ADC127D916FE00EE8F0D /* HumanManager.swift in Sources */,
				FC22AE0B27DA74C400EE8F0D /* WorkshopManager.swift in Sources */,
				FC22AE0327DA74B000EE8F0D /* Workshop.swift in Sources */,
				FC22ADC527D91A1D00EE8F0D /* HumanModel.swift in Sources */,
			);
			runOnlyForDeploymentPostprocessing = 0;
		};
/* End PBXSourcesBuildPhase section */

/* Begin PBXTargetDependency section */
		FC22AD6627C7D71D00EE8F0D /* PBXTargetDependency */ = {
			isa = PBXTargetDependency;
			target = FC22AD4D27C7D71B00EE8F0D /* KPP */;
			targetProxy = FC22AD6527C7D71D00EE8F0D /* PBXContainerItemProxy */;
		};
		FC22AD7027C7D71D00EE8F0D /* PBXTargetDependency */ = {
			isa = PBXTargetDependency;
			target = FC22AD4D27C7D71B00EE8F0D /* KPP */;
			targetProxy = FC22AD6F27C7D71D00EE8F0D /* PBXContainerItemProxy */;
		};
/* End PBXTargetDependency section */

/* Begin PBXVariantGroup section */
		FC22AD5727C7D71B00EE8F0D /* Main.storyboard */ = {
			isa = PBXVariantGroup;
			children = (
				FC22AD5827C7D71B00EE8F0D /* Base */,
			);
			name = Main.storyboard;
			sourceTree = "<group>";
		};
		FC22AD5C27C7D71D00EE8F0D /* LaunchScreen.storyboard */ = {
			isa = PBXVariantGroup;
			children = (
				FC22AD5D27C7D71D00EE8F0D /* Base */,
			);
			name = LaunchScreen.storyboard;
			sourceTree = "<group>";
		};
/* End PBXVariantGroup section */

/* Begin XCBuildConfiguration section */
		FC22AD7627C7D71D00EE8F0D /* Debug */ = {
			isa = XCBuildConfiguration;
			buildSettings = {
				ALWAYS_SEARCH_USER_PATHS = NO;
				CLANG_ANALYZER_NONNULL = YES;
				CLANG_ANALYZER_NUMBER_OBJECT_CONVERSION = YES_AGGRESSIVE;
				CLANG_CXX_LANGUAGE_STANDARD = "gnu++17";
				CLANG_CXX_LIBRARY = "libc++";
				CLANG_ENABLE_MODULES = YES;
				CLANG_ENABLE_OBJC_ARC = YES;
				CLANG_ENABLE_OBJC_WEAK = YES;
				CLANG_WARN_BLOCK_CAPTURE_AUTORELEASING = YES;
				CLANG_WARN_BOOL_CONVERSION = YES;
				CLANG_WARN_COMMA = YES;
				CLANG_WARN_CONSTANT_CONVERSION = YES;
				CLANG_WARN_DEPRECATED_OBJC_IMPLEMENTATIONS = YES;
				CLANG_WARN_DIRECT_OBJC_ISA_USAGE = YES_ERROR;
				CLANG_WARN_DOCUMENTATION_COMMENTS = YES;
				CLANG_WARN_EMPTY_BODY = YES;
				CLANG_WARN_ENUM_CONVERSION = YES;
				CLANG_WARN_INFINITE_RECURSION = YES;
				CLANG_WARN_INT_CONVERSION = YES;
				CLANG_WARN_NON_LITERAL_NULL_CONVERSION = YES;
				CLANG_WARN_OBJC_IMPLICIT_RETAIN_SELF = YES;
				CLANG_WARN_OBJC_LITERAL_CONVERSION = YES;
				CLANG_WARN_OBJC_ROOT_CLASS = YES_ERROR;
				CLANG_WARN_QUOTED_INCLUDE_IN_FRAMEWORK_HEADER = YES;
				CLANG_WARN_RANGE_LOOP_ANALYSIS = YES;
				CLANG_WARN_STRICT_PROTOTYPES = YES;
				CLANG_WARN_SUSPICIOUS_MOVE = YES;
				CLANG_WARN_UNGUARDED_AVAILABILITY = YES_AGGRESSIVE;
				CLANG_WARN_UNREACHABLE_CODE = YES;
				CLANG_WARN__DUPLICATE_METHOD_MATCH = YES;
				COPY_PHASE_STRIP = NO;
				DEBUG_INFORMATION_FORMAT = dwarf;
				ENABLE_STRICT_OBJC_MSGSEND = YES;
				ENABLE_TESTABILITY = YES;
				GCC_C_LANGUAGE_STANDARD = gnu11;
				GCC_DYNAMIC_NO_PIC = NO;
				GCC_NO_COMMON_BLOCKS = YES;
				GCC_OPTIMIZATION_LEVEL = 0;
				GCC_PREPROCESSOR_DEFINITIONS = (
					"DEBUG=1",
					"$(inherited)",
				);
				GCC_WARN_64_TO_32_BIT_CONVERSION = YES;
				GCC_WARN_ABOUT_RETURN_TYPE = YES_ERROR;
				GCC_WARN_UNDECLARED_SELECTOR = YES;
				GCC_WARN_UNINITIALIZED_AUTOS = YES_AGGRESSIVE;
				GCC_WARN_UNUSED_FUNCTION = YES;
				GCC_WARN_UNUSED_VARIABLE = YES;
				IPHONEOS_DEPLOYMENT_TARGET = 15.0;
				MTL_ENABLE_DEBUG_INFO = INCLUDE_SOURCE;
				MTL_FAST_MATH = YES;
				ONLY_ACTIVE_ARCH = YES;
				SDKROOT = iphoneos;
				SWIFT_ACTIVE_COMPILATION_CONDITIONS = DEBUG;
				SWIFT_OPTIMIZATION_LEVEL = "-Onone";
			};
			name = Debug;
		};
		FC22AD7727C7D71D00EE8F0D /* Release */ = {
			isa = XCBuildConfiguration;
			buildSettings = {
				ALWAYS_SEARCH_USER_PATHS = NO;
				CLANG_ANALYZER_NONNULL = YES;
				CLANG_ANALYZER_NUMBER_OBJECT_CONVERSION = YES_AGGRESSIVE;
				CLANG_CXX_LANGUAGE_STANDARD = "gnu++17";
				CLANG_CXX_LIBRARY = "libc++";
				CLANG_ENABLE_MODULES = YES;
				CLANG_ENABLE_OBJC_ARC = YES;
				CLANG_ENABLE_OBJC_WEAK = YES;
				CLANG_WARN_BLOCK_CAPTURE_AUTORELEASING = YES;
				CLANG_WARN_BOOL_CONVERSION = YES;
				CLANG_WARN_COMMA = YES;
				CLANG_WARN_CONSTANT_CONVERSION = YES;
				CLANG_WARN_DEPRECATED_OBJC_IMPLEMENTATIONS = YES;
				CLANG_WARN_DIRECT_OBJC_ISA_USAGE = YES_ERROR;
				CLANG_WARN_DOCUMENTATION_COMMENTS = YES;
				CLANG_WARN_EMPTY_BODY = YES;
				CLANG_WARN_ENUM_CONVERSION = YES;
				CLANG_WARN_INFINITE_RECURSION = YES;
				CLANG_WARN_INT_CONVERSION = YES;
				CLANG_WARN_NON_LITERAL_NULL_CONVERSION = YES;
				CLANG_WARN_OBJC_IMPLICIT_RETAIN_SELF = YES;
				CLANG_WARN_OBJC_LITERAL_CONVERSION = YES;
				CLANG_WARN_OBJC_ROOT_CLASS = YES_ERROR;
				CLANG_WARN_QUOTED_INCLUDE_IN_FRAMEWORK_HEADER = YES;
				CLANG_WARN_RANGE_LOOP_ANALYSIS = YES;
				CLANG_WARN_STRICT_PROTOTYPES = YES;
				CLANG_WARN_SUSPICIOUS_MOVE = YES;
				CLANG_WARN_UNGUARDED_AVAILABILITY = YES_AGGRESSIVE;
				CLANG_WARN_UNREACHABLE_CODE = YES;
				CLANG_WARN__DUPLICATE_METHOD_MATCH = YES;
				COPY_PHASE_STRIP = NO;
				DEBUG_INFORMATION_FORMAT = "dwarf-with-dsym";
				ENABLE_NS_ASSERTIONS = NO;
				ENABLE_STRICT_OBJC_MSGSEND = YES;
				GCC_C_LANGUAGE_STANDARD = gnu11;
				GCC_NO_COMMON_BLOCKS = YES;
				GCC_WARN_64_TO_32_BIT_CONVERSION = YES;
				GCC_WARN_ABOUT_RETURN_TYPE = YES_ERROR;
				GCC_WARN_UNDECLARED_SELECTOR = YES;
				GCC_WARN_UNINITIALIZED_AUTOS = YES_AGGRESSIVE;
				GCC_WARN_UNUSED_FUNCTION = YES;
				GCC_WARN_UNUSED_VARIABLE = YES;
				IPHONEOS_DEPLOYMENT_TARGET = 15.0;
				MTL_ENABLE_DEBUG_INFO = NO;
				MTL_FAST_MATH = YES;
				SDKROOT = iphoneos;
				SWIFT_COMPILATION_MODE = wholemodule;
				SWIFT_OPTIMIZATION_LEVEL = "-O";
				VALIDATE_PRODUCT = YES;
			};
			name = Release;
		};
		FC22AD7927C7D71D00EE8F0D /* Debug */ = {
			isa = XCBuildConfiguration;
			buildSettings = {
				ASSETCATALOG_COMPILER_APPICON_NAME = AppIcon;
				ASSETCATALOG_COMPILER_GLOBAL_ACCENT_COLOR_NAME = AccentColor;
				CODE_SIGN_IDENTITY = "Apple Development";
				CODE_SIGN_STYLE = Automatic;
				CURRENT_PROJECT_VERSION = 1;
				DEVELOPMENT_TEAM = BL67M76RZ8;
				GENERATE_INFOPLIST_FILE = YES;
				INFOPLIST_FILE = KPP/Info.plist;
				INFOPLIST_KEY_UIApplicationSupportsIndirectInputEvents = YES;
				INFOPLIST_KEY_UILaunchStoryboardName = LaunchScreen;
				INFOPLIST_KEY_UIMainStoryboardFile = Main;
				INFOPLIST_KEY_UISupportedInterfaceOrientations_iPad = "UIInterfaceOrientationPortrait UIInterfaceOrientationPortraitUpsideDown UIInterfaceOrientationLandscapeLeft UIInterfaceOrientationLandscapeRight";
				INFOPLIST_KEY_UISupportedInterfaceOrientations_iPhone = "UIInterfaceOrientationPortrait UIInterfaceOrientationLandscapeLeft UIInterfaceOrientationLandscapeRight";
				IPHONEOS_DEPLOYMENT_TARGET = 15.0;
				LD_RUNPATH_SEARCH_PATHS = (
					"$(inherited)",
					"@executable_path/Frameworks",
				);
				MARKETING_VERSION = 1.0;
				PRODUCT_BUNDLE_IDENTIFIER = Test.KPP;
				PRODUCT_NAME = "$(TARGET_NAME)";
				PROVISIONING_PROFILE_SPECIFIER = "";
				SWIFT_EMIT_LOC_STRINGS = YES;
				SWIFT_VERSION = 5.0;
				TARGETED_DEVICE_FAMILY = "1,2";
			};
			name = Debug;
		};
		FC22AD7A27C7D71D00EE8F0D /* Release */ = {
			isa = XCBuildConfiguration;
			buildSettings = {
				ASSETCATALOG_COMPILER_APPICON_NAME = AppIcon;
				ASSETCATALOG_COMPILER_GLOBAL_ACCENT_COLOR_NAME = AccentColor;
				CODE_SIGN_IDENTITY = "Apple Development";
				CODE_SIGN_STYLE = Automatic;
				CURRENT_PROJECT_VERSION = 1;
				DEVELOPMENT_TEAM = BL67M76RZ8;
				GENERATE_INFOPLIST_FILE = YES;
				INFOPLIST_FILE = KPP/Info.plist;
				INFOPLIST_KEY_UIApplicationSupportsIndirectInputEvents = YES;
				INFOPLIST_KEY_UILaunchStoryboardName = LaunchScreen;
				INFOPLIST_KEY_UIMainStoryboardFile = Main;
				INFOPLIST_KEY_UISupportedInterfaceOrientations_iPad = "UIInterfaceOrientationPortrait UIInterfaceOrientationPortraitUpsideDown UIInterfaceOrientationLandscapeLeft UIInterfaceOrientationLandscapeRight";
				INFOPLIST_KEY_UISupportedInterfaceOrientations_iPhone = "UIInterfaceOrientationPortrait UIInterfaceOrientationLandscapeLeft UIInterfaceOrientationLandscapeRight";
				IPHONEOS_DEPLOYMENT_TARGET = 15.0;
				LD_RUNPATH_SEARCH_PATHS = (
					"$(inherited)",
					"@executable_path/Frameworks",
				);
				MARKETING_VERSION = 1.0;
				PRODUCT_BUNDLE_IDENTIFIER = Test.KPP;
				PRODUCT_NAME = "$(TARGET_NAME)";
				PROVISIONING_PROFILE_SPECIFIER = "";
				SWIFT_EMIT_LOC_STRINGS = YES;
				SWIFT_VERSION = 5.0;
				TARGETED_DEVICE_FAMILY = "1,2";
			};
			name = Release;
		};
		FC22AD7C27C7D71D00EE8F0D /* Debug */ = {
			isa = XCBuildConfiguration;
			buildSettings = {
				ALWAYS_EMBED_SWIFT_STANDARD_LIBRARIES = YES;
				BUNDLE_LOADER = "$(TEST_HOST)";
				CODE_SIGN_STYLE = Automatic;
				CURRENT_PROJECT_VERSION = 1;
				DEVELOPMENT_TEAM = BL67M76RZ8;
				GENERATE_INFOPLIST_FILE = YES;
				IPHONEOS_DEPLOYMENT_TARGET = 15.0;
				LD_RUNPATH_SEARCH_PATHS = (
					"$(inherited)",
					"@executable_path/Frameworks",
					"@loader_path/Frameworks",
				);
				MARKETING_VERSION = 1.0;
				PRODUCT_BUNDLE_IDENTIFIER = Test.KPPTests;
				PRODUCT_NAME = "$(TARGET_NAME)";
				SWIFT_EMIT_LOC_STRINGS = NO;
				SWIFT_VERSION = 5.0;
				TARGETED_DEVICE_FAMILY = "1,2";
				TEST_HOST = "$(BUILT_PRODUCTS_DIR)/KPP.app/KPP";
			};
			name = Debug;
		};
		FC22AD7D27C7D71D00EE8F0D /* Release */ = {
			isa = XCBuildConfiguration;
			buildSettings = {
				ALWAYS_EMBED_SWIFT_STANDARD_LIBRARIES = YES;
				BUNDLE_LOADER = "$(TEST_HOST)";
				CODE_SIGN_STYLE = Automatic;
				CURRENT_PROJECT_VERSION = 1;
				DEVELOPMENT_TEAM = BL67M76RZ8;
				GENERATE_INFOPLIST_FILE = YES;
				IPHONEOS_DEPLOYMENT_TARGET = 15.0;
				LD_RUNPATH_SEARCH_PATHS = (
					"$(inherited)",
					"@executable_path/Frameworks",
					"@loader_path/Frameworks",
				);
				MARKETING_VERSION = 1.0;
				PRODUCT_BUNDLE_IDENTIFIER = Test.KPPTests;
				PRODUCT_NAME = "$(TARGET_NAME)";
				SWIFT_EMIT_LOC_STRINGS = NO;
				SWIFT_VERSION = 5.0;
				TARGETED_DEVICE_FAMILY = "1,2";
				TEST_HOST = "$(BUILT_PRODUCTS_DIR)/KPP.app/KPP";
			};
			name = Release;
		};
		FC22AD7F27C7D71D00EE8F0D /* Debug */ = {
			isa = XCBuildConfiguration;
			buildSettings = {
				ALWAYS_EMBED_SWIFT_STANDARD_LIBRARIES = YES;
				CODE_SIGN_STYLE = Automatic;
				CURRENT_PROJECT_VERSION = 1;
				DEVELOPMENT_TEAM = BL67M76RZ8;
				GENERATE_INFOPLIST_FILE = YES;
				LD_RUNPATH_SEARCH_PATHS = (
					"$(inherited)",
					"@executable_path/Frameworks",
					"@loader_path/Frameworks",
				);
				MARKETING_VERSION = 1.0;
				PRODUCT_BUNDLE_IDENTIFIER = Test.KPPUITests;
				PRODUCT_NAME = "$(TARGET_NAME)";
				SWIFT_EMIT_LOC_STRINGS = NO;
				SWIFT_VERSION = 5.0;
				TARGETED_DEVICE_FAMILY = "1,2";
				TEST_TARGET_NAME = KPP;
			};
			name = Debug;
		};
		FC22AD8027C7D71D00EE8F0D /* Release */ = {
			isa = XCBuildConfiguration;
			buildSettings = {
				ALWAYS_EMBED_SWIFT_STANDARD_LIBRARIES = YES;
				CODE_SIGN_STYLE = Automatic;
				CURRENT_PROJECT_VERSION = 1;
				DEVELOPMENT_TEAM = BL67M76RZ8;
				GENERATE_INFOPLIST_FILE = YES;
				LD_RUNPATH_SEARCH_PATHS = (
					"$(inherited)",
					"@executable_path/Frameworks",
					"@loader_path/Frameworks",
				);
				MARKETING_VERSION = 1.0;
				PRODUCT_BUNDLE_IDENTIFIER = Test.KPPUITests;
				PRODUCT_NAME = "$(TARGET_NAME)";
				SWIFT_EMIT_LOC_STRINGS = NO;
				SWIFT_VERSION = 5.0;
				TARGETED_DEVICE_FAMILY = "1,2";
				TEST_TARGET_NAME = KPP;
			};
			name = Release;
		};
/* End XCBuildConfiguration section */

/* Begin XCConfigurationList section */
		FC22AD4927C7D71B00EE8F0D /* Build configuration list for PBXProject "KPP" */ = {
			isa = XCConfigurationList;
			buildConfigurations = (
				FC22AD7627C7D71D00EE8F0D /* Debug */,
				FC22AD7727C7D71D00EE8F0D /* Release */,
			);
			defaultConfigurationIsVisible = 0;
			defaultConfigurationName = Release;
		};
		FC22AD7827C7D71D00EE8F0D /* Build configuration list for PBXNativeTarget "KPP" */ = {
			isa = XCConfigurationList;
			buildConfigurations = (
				FC22AD7927C7D71D00EE8F0D /* Debug */,
				FC22AD7A27C7D71D00EE8F0D /* Release */,
			);
			defaultConfigurationIsVisible = 0;
			defaultConfigurationName = Release;
		};
		FC22AD7B27C7D71D00EE8F0D /* Build configuration list for PBXNativeTarget "KPPTests" */ = {
			isa = XCConfigurationList;
			buildConfigurations = (
				FC22AD7C27C7D71D00EE8F0D /* Debug */,
				FC22AD7D27C7D71D00EE8F0D /* Release */,
			);
			defaultConfigurationIsVisible = 0;
			defaultConfigurationName = Release;
		};
		FC22AD7E27C7D71D00EE8F0D /* Build configuration list for PBXNativeTarget "KPPUITests" */ = {
			isa = XCConfigurationList;
			buildConfigurations = (
				FC22AD7F27C7D71D00EE8F0D /* Debug */,
				FC22AD8027C7D71D00EE8F0D /* Release */,
			);
			defaultConfigurationIsVisible = 0;
			defaultConfigurationName = Release;
		};
/* End XCConfigurationList section */
	};
	rootObject = FC22AD4627C7D71B00EE8F0D /* Project object */;
}
